
Microsoft Visual Studio Solution File, Format Version 12.00
# Visual Studio 15
VisualStudioVersion = 15.0.26430.6
MinimumVisualStudioVersion = 14.0.23107.0
Project("{2150E333-8FDC-42A3-9474-1A3956D46DE8}") = "Drone Traffic Simulation", "Drone Traffic Simulation", "{08D86FEB-AF5C-476D-B3B6-D4DF413C90C0}"
	ProjectSection(SiliconStudioPackage) = preProject
		Drone Traffic Simulation/Drone Traffic Simulation.xkpkg = Drone Traffic Simulation/Drone Traffic Simulation.xkpkg
	EndProjectSection
EndProject
Project("{FAE04EC0-301F-11D3-BF4B-00C04F79EFBC}") = "Drone Traffic Simulation.Windows", "Drone Traffic Simulation\Drone Traffic Simulation.Windows\Drone Traffic Simulation.Windows.csproj", "{FF8D6B9B-C5A9-4B82-98C9-A8C39D7A63D6}"
EndProject
Project("{FAE04EC0-301F-11D3-BF4B-00C04F79EFBC}") = "Drone Traffic Simulation.Game", "Drone Traffic Simulation\Drone Traffic Simulation.Game\Drone Traffic Simulation.Game.csproj", "{B30DBA93-BCB6-430D-81DA-5E891FE485B7}"
EndProject
Project("{FAE04EC0-301F-11D3-BF4B-00C04F79EFBC}") = "DTS.DAL", "DTS.DAL\DTS.DAL.csproj", "{A5BF5175-54FB-4C01-8DC5-E268A2F13FDB}"
EndProject
Project("{FAE04EC0-301F-11D3-BF4B-00C04F79EFBC}") = "DTS.SimulationLogicLayer", "DTS.SimulationLogicLayer\DTS.SimulationLogicLayer.csproj", "{D11B4604-756E-47EF-BA78-4393D91DC343}"
EndProject
Project("{2150E333-8FDC-42A3-9474-1A3956D46DE8}") = "DTS.Test", "DTS.Test", "{F2E2CF0B-04B1-4F20-BBF2-237419ACA740}"
EndProject
Project("{FAE04EC0-301F-11D3-BF4B-00C04F79EFBC}") = "DTS.SimulationLogicLayer.Test", "DTS.SimulationLogicLayer.Test\DTS.SimulationLogicLayer.Test.csproj", "{4F6FB9E1-9AF3-48C9-945B-87E15D7C4CD2}"
EndProject
Project("{DA7A21FA-8162-4350-AD77-A8D1B671F3ED}") = "DTS.DroneDataAnalysis", "DTS.DroneDataAnalysis\DTS.DroneDataAnalysis.rxproj", "{4E872147-3DD4-4930-BD82-8F8C05EF44FB}"
EndProject
Global
	GlobalSection(SolutionConfigurationPlatforms) = preSolution
		AppStore|Any CPU = AppStore|Any CPU
		AppStore|Mixed Platforms = AppStore|Mixed Platforms
		AppStore|Windows = AppStore|Windows
		CoreCLR_Debug|Any CPU = CoreCLR_Debug|Any CPU
		CoreCLR_Debug|Mixed Platforms = CoreCLR_Debug|Mixed Platforms
		CoreCLR_Debug|Windows = CoreCLR_Debug|Windows
		CoreCLR_Release|Any CPU = CoreCLR_Release|Any CPU
		CoreCLR_Release|Mixed Platforms = CoreCLR_Release|Mixed Platforms
		CoreCLR_Release|Windows = CoreCLR_Release|Windows
		Debug|Any CPU = Debug|Any CPU
		Debug|Mixed Platforms = Debug|Mixed Platforms
		Debug|Windows = Debug|Windows
		Release|Any CPU = Release|Any CPU
		Release|Mixed Platforms = Release|Mixed Platforms
		Release|Windows = Release|Windows
		Testing|Any CPU = Testing|Any CPU
		Testing|Mixed Platforms = Testing|Mixed Platforms
		Testing|Windows = Testing|Windows
	EndGlobalSection
	GlobalSection(ProjectConfigurationPlatforms) = postSolution
		{FF8D6B9B-C5A9-4B82-98C9-A8C39D7A63D6}.AppStore|Any CPU.ActiveCfg = AppStore|Any CPU
		{FF8D6B9B-C5A9-4B82-98C9-A8C39D7A63D6}.AppStore|Any CPU.Build.0 = AppStore|Any CPU
		{FF8D6B9B-C5A9-4B82-98C9-A8C39D7A63D6}.AppStore|Any CPU.Deploy.0 = AppStore|Any CPU
		{FF8D6B9B-C5A9-4B82-98C9-A8C39D7A63D6}.AppStore|Mixed Platforms.ActiveCfg = AppStore|Any CPU
		{FF8D6B9B-C5A9-4B82-98C9-A8C39D7A63D6}.AppStore|Mixed Platforms.Build.0 = AppStore|Any CPU
		{FF8D6B9B-C5A9-4B82-98C9-A8C39D7A63D6}.AppStore|Mixed Platforms.Deploy.0 = AppStore|Any CPU
		{FF8D6B9B-C5A9-4B82-98C9-A8C39D7A63D6}.AppStore|Windows.ActiveCfg = AppStore|Any CPU
		{FF8D6B9B-C5A9-4B82-98C9-A8C39D7A63D6}.AppStore|Windows.Build.0 = AppStore|Any CPU
		{FF8D6B9B-C5A9-4B82-98C9-A8C39D7A63D6}.AppStore|Windows.Deploy.0 = AppStore|Any CPU
		{FF8D6B9B-C5A9-4B82-98C9-A8C39D7A63D6}.CoreCLR_Debug|Any CPU.ActiveCfg = CoreCLR_Debug|Any CPU
		{FF8D6B9B-C5A9-4B82-98C9-A8C39D7A63D6}.CoreCLR_Debug|Any CPU.Build.0 = CoreCLR_Debug|Any CPU
		{FF8D6B9B-C5A9-4B82-98C9-A8C39D7A63D6}.CoreCLR_Debug|Any CPU.Deploy.0 = CoreCLR_Debug|Any CPU
		{FF8D6B9B-C5A9-4B82-98C9-A8C39D7A63D6}.CoreCLR_Debug|Mixed Platforms.ActiveCfg = CoreCLR_Debug|Any CPU
		{FF8D6B9B-C5A9-4B82-98C9-A8C39D7A63D6}.CoreCLR_Debug|Mixed Platforms.Build.0 = CoreCLR_Debug|Any CPU
		{FF8D6B9B-C5A9-4B82-98C9-A8C39D7A63D6}.CoreCLR_Debug|Mixed Platforms.Deploy.0 = CoreCLR_Debug|Any CPU
		{FF8D6B9B-C5A9-4B82-98C9-A8C39D7A63D6}.CoreCLR_Debug|Windows.ActiveCfg = CoreCLR_Debug|Any CPU
		{FF8D6B9B-C5A9-4B82-98C9-A8C39D7A63D6}.CoreCLR_Debug|Windows.Build.0 = CoreCLR_Debug|Any CPU
		{FF8D6B9B-C5A9-4B82-98C9-A8C39D7A63D6}.CoreCLR_Debug|Windows.Deploy.0 = CoreCLR_Debug|Any CPU
		{FF8D6B9B-C5A9-4B82-98C9-A8C39D7A63D6}.CoreCLR_Release|Any CPU.ActiveCfg = CoreCLR_Release|Any CPU
		{FF8D6B9B-C5A9-4B82-98C9-A8C39D7A63D6}.CoreCLR_Release|Any CPU.Build.0 = CoreCLR_Release|Any CPU
		{FF8D6B9B-C5A9-4B82-98C9-A8C39D7A63D6}.CoreCLR_Release|Any CPU.Deploy.0 = CoreCLR_Release|Any CPU
		{FF8D6B9B-C5A9-4B82-98C9-A8C39D7A63D6}.CoreCLR_Release|Mixed Platforms.ActiveCfg = CoreCLR_Release|Any CPU
		{FF8D6B9B-C5A9-4B82-98C9-A8C39D7A63D6}.CoreCLR_Release|Mixed Platforms.Build.0 = CoreCLR_Release|Any CPU
		{FF8D6B9B-C5A9-4B82-98C9-A8C39D7A63D6}.CoreCLR_Release|Mixed Platforms.Deploy.0 = CoreCLR_Release|Any CPU
		{FF8D6B9B-C5A9-4B82-98C9-A8C39D7A63D6}.CoreCLR_Release|Windows.ActiveCfg = CoreCLR_Release|Any CPU
		{FF8D6B9B-C5A9-4B82-98C9-A8C39D7A63D6}.CoreCLR_Release|Windows.Build.0 = CoreCLR_Release|Any CPU
		{FF8D6B9B-C5A9-4B82-98C9-A8C39D7A63D6}.CoreCLR_Release|Windows.Deploy.0 = CoreCLR_Release|Any CPU
		{FF8D6B9B-C5A9-4B82-98C9-A8C39D7A63D6}.Debug|Any CPU.ActiveCfg = Debug|Any CPU
		{FF8D6B9B-C5A9-4B82-98C9-A8C39D7A63D6}.Debug|Any CPU.Build.0 = Debug|Any CPU
		{FF8D6B9B-C5A9-4B82-98C9-A8C39D7A63D6}.Debug|Any CPU.Deploy.0 = Debug|Any CPU
		{FF8D6B9B-C5A9-4B82-98C9-A8C39D7A63D6}.Debug|Mixed Platforms.ActiveCfg = Debug|Any CPU
		{FF8D6B9B-C5A9-4B82-98C9-A8C39D7A63D6}.Debug|Mixed Platforms.Build.0 = Debug|Any CPU
		{FF8D6B9B-C5A9-4B82-98C9-A8C39D7A63D6}.Debug|Mixed Platforms.Deploy.0 = Debug|Any CPU
		{FF8D6B9B-C5A9-4B82-98C9-A8C39D7A63D6}.Debug|Windows.ActiveCfg = Debug|Any CPU
		{FF8D6B9B-C5A9-4B82-98C9-A8C39D7A63D6}.Debug|Windows.Build.0 = Debug|Any CPU
		{FF8D6B9B-C5A9-4B82-98C9-A8C39D7A63D6}.Debug|Windows.Deploy.0 = Debug|Any CPU
		{FF8D6B9B-C5A9-4B82-98C9-A8C39D7A63D6}.Release|Any CPU.ActiveCfg = Release|Any CPU
		{FF8D6B9B-C5A9-4B82-98C9-A8C39D7A63D6}.Release|Any CPU.Build.0 = Release|Any CPU
		{FF8D6B9B-C5A9-4B82-98C9-A8C39D7A63D6}.Release|Any CPU.Deploy.0 = Release|Any CPU
		{FF8D6B9B-C5A9-4B82-98C9-A8C39D7A63D6}.Release|Mixed Platforms.ActiveCfg = Release|Any CPU
		{FF8D6B9B-C5A9-4B82-98C9-A8C39D7A63D6}.Release|Mixed Platforms.Build.0 = Release|Any CPU
		{FF8D6B9B-C5A9-4B82-98C9-A8C39D7A63D6}.Release|Mixed Platforms.Deploy.0 = Release|Any CPU
		{FF8D6B9B-C5A9-4B82-98C9-A8C39D7A63D6}.Release|Windows.ActiveCfg = Release|Any CPU
		{FF8D6B9B-C5A9-4B82-98C9-A8C39D7A63D6}.Release|Windows.Build.0 = Release|Any CPU
		{FF8D6B9B-C5A9-4B82-98C9-A8C39D7A63D6}.Release|Windows.Deploy.0 = Release|Any CPU
		{FF8D6B9B-C5A9-4B82-98C9-A8C39D7A63D6}.Testing|Any CPU.ActiveCfg = Testing|Any CPU
		{FF8D6B9B-C5A9-4B82-98C9-A8C39D7A63D6}.Testing|Any CPU.Build.0 = Testing|Any CPU
		{FF8D6B9B-C5A9-4B82-98C9-A8C39D7A63D6}.Testing|Any CPU.Deploy.0 = Testing|Any CPU
		{FF8D6B9B-C5A9-4B82-98C9-A8C39D7A63D6}.Testing|Mixed Platforms.ActiveCfg = Testing|Any CPU
		{FF8D6B9B-C5A9-4B82-98C9-A8C39D7A63D6}.Testing|Mixed Platforms.Build.0 = Testing|Any CPU
		{FF8D6B9B-C5A9-4B82-98C9-A8C39D7A63D6}.Testing|Mixed Platforms.Deploy.0 = Testing|Any CPU
		{FF8D6B9B-C5A9-4B82-98C9-A8C39D7A63D6}.Testing|Windows.ActiveCfg = Testing|Any CPU
		{FF8D6B9B-C5A9-4B82-98C9-A8C39D7A63D6}.Testing|Windows.Build.0 = Testing|Any CPU
		{FF8D6B9B-C5A9-4B82-98C9-A8C39D7A63D6}.Testing|Windows.Deploy.0 = Testing|Any CPU
		{B30DBA93-BCB6-430D-81DA-5E891FE485B7}.AppStore|Any CPU.ActiveCfg = AppStore|Any CPU
		{B30DBA93-BCB6-430D-81DA-5E891FE485B7}.AppStore|Any CPU.Build.0 = AppStore|Any CPU
		{B30DBA93-BCB6-430D-81DA-5E891FE485B7}.AppStore|Mixed Platforms.ActiveCfg = AppStore|Any CPU
		{B30DBA93-BCB6-430D-81DA-5E891FE485B7}.AppStore|Mixed Platforms.Build.0 = AppStore|Any CPU
		{B30DBA93-BCB6-430D-81DA-5E891FE485B7}.AppStore|Windows.ActiveCfg = AppStore|Any CPU
		{B30DBA93-BCB6-430D-81DA-5E891FE485B7}.AppStore|Windows.Build.0 = AppStore|Any CPU
		{B30DBA93-BCB6-430D-81DA-5E891FE485B7}.CoreCLR_Debug|Any CPU.ActiveCfg = CoreCLR_Debug|Any CPU
		{B30DBA93-BCB6-430D-81DA-5E891FE485B7}.CoreCLR_Debug|Any CPU.Build.0 = CoreCLR_Debug|Any CPU
		{B30DBA93-BCB6-430D-81DA-5E891FE485B7}.CoreCLR_Debug|Mixed Platforms.ActiveCfg = CoreCLR_Debug|Any CPU
		{B30DBA93-BCB6-430D-81DA-5E891FE485B7}.CoreCLR_Debug|Mixed Platforms.Build.0 = CoreCLR_Debug|Any CPU
		{B30DBA93-BCB6-430D-81DA-5E891FE485B7}.CoreCLR_Debug|Windows.ActiveCfg = CoreCLR_Debug|Any CPU
		{B30DBA93-BCB6-430D-81DA-5E891FE485B7}.CoreCLR_Debug|Windows.Build.0 = CoreCLR_Debug|Any CPU
		{B30DBA93-BCB6-430D-81DA-5E891FE485B7}.CoreCLR_Release|Any CPU.ActiveCfg = CoreCLR_Release|Any CPU
		{B30DBA93-BCB6-430D-81DA-5E891FE485B7}.CoreCLR_Release|Any CPU.Build.0 = CoreCLR_Release|Any CPU
		{B30DBA93-BCB6-430D-81DA-5E891FE485B7}.CoreCLR_Release|Mixed Platforms.ActiveCfg = CoreCLR_Release|Any CPU
		{B30DBA93-BCB6-430D-81DA-5E891FE485B7}.CoreCLR_Release|Mixed Platforms.Build.0 = CoreCLR_Release|Any CPU
		{B30DBA93-BCB6-430D-81DA-5E891FE485B7}.CoreCLR_Release|Windows.ActiveCfg = CoreCLR_Release|Any CPU
		{B30DBA93-BCB6-430D-81DA-5E891FE485B7}.CoreCLR_Release|Windows.Build.0 = CoreCLR_Release|Any CPU
		{B30DBA93-BCB6-430D-81DA-5E891FE485B7}.Debug|Any CPU.ActiveCfg = Debug|Any CPU
		{B30DBA93-BCB6-430D-81DA-5E891FE485B7}.Debug|Any CPU.Build.0 = Debug|Any CPU
		{B30DBA93-BCB6-430D-81DA-5E891FE485B7}.Debug|Mixed Platforms.ActiveCfg = Debug|Any CPU
		{B30DBA93-BCB6-430D-81DA-5E891FE485B7}.Debug|Mixed Platforms.Build.0 = Debug|Any CPU
		{B30DBA93-BCB6-430D-81DA-5E891FE485B7}.Debug|Windows.ActiveCfg = Debug|Any CPU
		{B30DBA93-BCB6-430D-81DA-5E891FE485B7}.Debug|Windows.Build.0 = Debug|Any CPU
		{B30DBA93-BCB6-430D-81DA-5E891FE485B7}.Release|Any CPU.ActiveCfg = Release|Any CPU
		{B30DBA93-BCB6-430D-81DA-5E891FE485B7}.Release|Any CPU.Build.0 = Release|Any CPU
		{B30DBA93-BCB6-430D-81DA-5E891FE485B7}.Release|Mixed Platforms.ActiveCfg = Release|Any CPU
		{B30DBA93-BCB6-430D-81DA-5E891FE485B7}.Release|Mixed Platforms.Build.0 = Release|Any CPU
		{B30DBA93-BCB6-430D-81DA-5E891FE485B7}.Release|Windows.ActiveCfg = Release|Any CPU
		{B30DBA93-BCB6-430D-81DA-5E891FE485B7}.Release|Windows.Build.0 = Release|Any CPU
		{B30DBA93-BCB6-430D-81DA-5E891FE485B7}.Testing|Any CPU.ActiveCfg = Testing|Any CPU
		{B30DBA93-BCB6-430D-81DA-5E891FE485B7}.Testing|Any CPU.Build.0 = Testing|Any CPU
		{B30DBA93-BCB6-430D-81DA-5E891FE485B7}.Testing|Mixed Platforms.ActiveCfg = Testing|Any CPU
		{B30DBA93-BCB6-430D-81DA-5E891FE485B7}.Testing|Mixed Platforms.Build.0 = Testing|Any CPU
		{B30DBA93-BCB6-430D-81DA-5E891FE485B7}.Testing|Windows.ActiveCfg = Testing|Any CPU
		{B30DBA93-BCB6-430D-81DA-5E891FE485B7}.Testing|Windows.Build.0 = Testing|Any CPU
		{A5BF5175-54FB-4C01-8DC5-E268A2F13FDB}.AppStore|Any CPU.ActiveCfg = Release|Any CPU
		{A5BF5175-54FB-4C01-8DC5-E268A2F13FDB}.AppStore|Any CPU.Build.0 = Release|Any CPU
		{A5BF5175-54FB-4C01-8DC5-E268A2F13FDB}.AppStore|Mixed Platforms.ActiveCfg = Release|Any CPU
		{A5BF5175-54FB-4C01-8DC5-E268A2F13FDB}.AppStore|Mixed Platforms.Build.0 = Release|Any CPU
		{A5BF5175-54FB-4C01-8DC5-E268A2F13FDB}.AppStore|Windows.ActiveCfg = Release|Any CPU
		{A5BF5175-54FB-4C01-8DC5-E268A2F13FDB}.AppStore|Windows.Build.0 = Release|Any CPU
		{A5BF5175-54FB-4C01-8DC5-E268A2F13FDB}.CoreCLR_Debug|Any CPU.ActiveCfg = Debug|Any CPU
		{A5BF5175-54FB-4C01-8DC5-E268A2F13FDB}.CoreCLR_Debug|Any CPU.Build.0 = Debug|Any CPU
		{A5BF5175-54FB-4C01-8DC5-E268A2F13FDB}.CoreCLR_Debug|Mixed Platforms.ActiveCfg = Debug|Any CPU
		{A5BF5175-54FB-4C01-8DC5-E268A2F13FDB}.CoreCLR_Debug|Mixed Platforms.Build.0 = Debug|Any CPU
		{A5BF5175-54FB-4C01-8DC5-E268A2F13FDB}.CoreCLR_Debug|Windows.ActiveCfg = Debug|Any CPU
		{A5BF5175-54FB-4C01-8DC5-E268A2F13FDB}.CoreCLR_Debug|Windows.Build.0 = Debug|Any CPU
		{A5BF5175-54FB-4C01-8DC5-E268A2F13FDB}.CoreCLR_Release|Any CPU.ActiveCfg = Release|Any CPU
		{A5BF5175-54FB-4C01-8DC5-E268A2F13FDB}.CoreCLR_Release|Any CPU.Build.0 = Release|Any CPU
		{A5BF5175-54FB-4C01-8DC5-E268A2F13FDB}.CoreCLR_Release|Mixed Platforms.ActiveCfg = Release|Any CPU
		{A5BF5175-54FB-4C01-8DC5-E268A2F13FDB}.CoreCLR_Release|Mixed Platforms.Build.0 = Release|Any CPU
		{A5BF5175-54FB-4C01-8DC5-E268A2F13FDB}.CoreCLR_Release|Windows.ActiveCfg = Release|Any CPU
		{A5BF5175-54FB-4C01-8DC5-E268A2F13FDB}.CoreCLR_Release|Windows.Build.0 = Release|Any CPU
		{A5BF5175-54FB-4C01-8DC5-E268A2F13FDB}.Debug|Any CPU.ActiveCfg = Debug|Any CPU
		{A5BF5175-54FB-4C01-8DC5-E268A2F13FDB}.Debug|Any CPU.Build.0 = Debug|Any CPU
		{A5BF5175-54FB-4C01-8DC5-E268A2F13FDB}.Debug|Mixed Platforms.ActiveCfg = Debug|Any CPU
		{A5BF5175-54FB-4C01-8DC5-E268A2F13FDB}.Debug|Mixed Platforms.Build.0 = Debug|Any CPU
		{A5BF5175-54FB-4C01-8DC5-E268A2F13FDB}.Debug|Windows.ActiveCfg = Debug|Any CPU
		{A5BF5175-54FB-4C01-8DC5-E268A2F13FDB}.Debug|Windows.Build.0 = Debug|Any CPU
		{A5BF5175-54FB-4C01-8DC5-E268A2F13FDB}.Release|Any CPU.ActiveCfg = Release|Any CPU
		{A5BF5175-54FB-4C01-8DC5-E268A2F13FDB}.Release|Any CPU.Build.0 = Release|Any CPU
		{A5BF5175-54FB-4C01-8DC5-E268A2F13FDB}.Release|Mixed Platforms.ActiveCfg = Release|Any CPU
		{A5BF5175-54FB-4C01-8DC5-E268A2F13FDB}.Release|Mixed Platforms.Build.0 = Release|Any CPU
		{A5BF5175-54FB-4C01-8DC5-E268A2F13FDB}.Release|Windows.ActiveCfg = Release|Any CPU
		{A5BF5175-54FB-4C01-8DC5-E268A2F13FDB}.Release|Windows.Build.0 = Release|Any CPU
		{A5BF5175-54FB-4C01-8DC5-E268A2F13FDB}.Testing|Any CPU.ActiveCfg = Release|Any CPU
		{A5BF5175-54FB-4C01-8DC5-E268A2F13FDB}.Testing|Any CPU.Build.0 = Release|Any CPU
		{A5BF5175-54FB-4C01-8DC5-E268A2F13FDB}.Testing|Mixed Platforms.ActiveCfg = Release|Any CPU
		{A5BF5175-54FB-4C01-8DC5-E268A2F13FDB}.Testing|Mixed Platforms.Build.0 = Release|Any CPU
		{A5BF5175-54FB-4C01-8DC5-E268A2F13FDB}.Testing|Windows.ActiveCfg = Release|Any CPU
		{A5BF5175-54FB-4C01-8DC5-E268A2F13FDB}.Testing|Windows.Build.0 = Release|Any CPU
		{D11B4604-756E-47EF-BA78-4393D91DC343}.AppStore|Any CPU.ActiveCfg = Release|Any CPU
		{D11B4604-756E-47EF-BA78-4393D91DC343}.AppStore|Any CPU.Build.0 = Release|Any CPU
		{D11B4604-756E-47EF-BA78-4393D91DC343}.AppStore|Mixed Platforms.ActiveCfg = Release|Any CPU
		{D11B4604-756E-47EF-BA78-4393D91DC343}.AppStore|Mixed Platforms.Build.0 = Release|Any CPU
		{D11B4604-756E-47EF-BA78-4393D91DC343}.AppStore|Windows.ActiveCfg = Release|Any CPU
		{D11B4604-756E-47EF-BA78-4393D91DC343}.AppStore|Windows.Build.0 = Release|Any CPU
		{D11B4604-756E-47EF-BA78-4393D91DC343}.CoreCLR_Debug|Any CPU.ActiveCfg = Debug|Any CPU
		{D11B4604-756E-47EF-BA78-4393D91DC343}.CoreCLR_Debug|Any CPU.Build.0 = Debug|Any CPU
		{D11B4604-756E-47EF-BA78-4393D91DC343}.CoreCLR_Debug|Mixed Platforms.ActiveCfg = Debug|Any CPU
		{D11B4604-756E-47EF-BA78-4393D91DC343}.CoreCLR_Debug|Mixed Platforms.Build.0 = Debug|Any CPU
		{D11B4604-756E-47EF-BA78-4393D91DC343}.CoreCLR_Debug|Windows.ActiveCfg = Debug|Any CPU
		{D11B4604-756E-47EF-BA78-4393D91DC343}.CoreCLR_Debug|Windows.Build.0 = Debug|Any CPU
		{D11B4604-756E-47EF-BA78-4393D91DC343}.CoreCLR_Release|Any CPU.ActiveCfg = Release|Any CPU
		{D11B4604-756E-47EF-BA78-4393D91DC343}.CoreCLR_Release|Any CPU.Build.0 = Release|Any CPU
		{D11B4604-756E-47EF-BA78-4393D91DC343}.CoreCLR_Release|Mixed Platforms.ActiveCfg = Release|Any CPU
		{D11B4604-756E-47EF-BA78-4393D91DC343}.CoreCLR_Release|Mixed Platforms.Build.0 = Release|Any CPU
		{D11B4604-756E-47EF-BA78-4393D91DC343}.CoreCLR_Release|Windows.ActiveCfg = Release|Any CPU
		{D11B4604-756E-47EF-BA78-4393D91DC343}.CoreCLR_Release|Windows.Build.0 = Release|Any CPU
		{D11B4604-756E-47EF-BA78-4393D91DC343}.Debug|Any CPU.ActiveCfg = Debug|Any CPU
		{D11B4604-756E-47EF-BA78-4393D91DC343}.Debug|Any CPU.Build.0 = Debug|Any CPU
		{D11B4604-756E-47EF-BA78-4393D91DC343}.Debug|Mixed Platforms.ActiveCfg = Debug|Any CPU
		{D11B4604-756E-47EF-BA78-4393D91DC343}.Debug|Mixed Platforms.Build.0 = Debug|Any CPU
		{D11B4604-756E-47EF-BA78-4393D91DC343}.Debug|Windows.ActiveCfg = Debug|Any CPU
		{D11B4604-756E-47EF-BA78-4393D91DC343}.Debug|Windows.Build.0 = Debug|Any CPU
		{D11B4604-756E-47EF-BA78-4393D91DC343}.Release|Any CPU.ActiveCfg = Release|Any CPU
		{D11B4604-756E-47EF-BA78-4393D91DC343}.Release|Any CPU.Build.0 = Release|Any CPU
		{D11B4604-756E-47EF-BA78-4393D91DC343}.Release|Mixed Platforms.ActiveCfg = Release|Any CPU
		{D11B4604-756E-47EF-BA78-4393D91DC343}.Release|Mixed Platforms.Build.0 = Release|Any CPU
		{D11B4604-756E-47EF-BA78-4393D91DC343}.Release|Windows.ActiveCfg = Release|Any CPU
		{D11B4604-756E-47EF-BA78-4393D91DC343}.Release|Windows.Build.0 = Release|Any CPU
		{D11B4604-756E-47EF-BA78-4393D91DC343}.Testing|Any CPU.ActiveCfg = Release|Any CPU
		{D11B4604-756E-47EF-BA78-4393D91DC343}.Testing|Any CPU.Build.0 = Release|Any CPU
		{D11B4604-756E-47EF-BA78-4393D91DC343}.Testing|Mixed Platforms.ActiveCfg = Release|Any CPU
		{D11B4604-756E-47EF-BA78-4393D91DC343}.Testing|Mixed Platforms.Build.0 = Release|Any CPU
		{D11B4604-756E-47EF-BA78-4393D91DC343}.Testing|Windows.ActiveCfg = Release|Any CPU
		{D11B4604-756E-47EF-BA78-4393D91DC343}.Testing|Windows.Build.0 = Release|Any CPU
		{4F6FB9E1-9AF3-48C9-945B-87E15D7C4CD2}.AppStore|Any CPU.ActiveCfg = Release|Any CPU
		{4F6FB9E1-9AF3-48C9-945B-87E15D7C4CD2}.AppStore|Any CPU.Build.0 = Release|Any CPU
		{4F6FB9E1-9AF3-48C9-945B-87E15D7C4CD2}.AppStore|Mixed Platforms.ActiveCfg = Release|Any CPU
		{4F6FB9E1-9AF3-48C9-945B-87E15D7C4CD2}.AppStore|Mixed Platforms.Build.0 = Release|Any CPU
		{4F6FB9E1-9AF3-48C9-945B-87E15D7C4CD2}.AppStore|Windows.ActiveCfg = Release|Any CPU
		{4F6FB9E1-9AF3-48C9-945B-87E15D7C4CD2}.AppStore|Windows.Build.0 = Release|Any CPU
		{4F6FB9E1-9AF3-48C9-945B-87E15D7C4CD2}.CoreCLR_Debug|Any CPU.ActiveCfg = Debug|Any CPU
		{4F6FB9E1-9AF3-48C9-945B-87E15D7C4CD2}.CoreCLR_Debug|Any CPU.Build.0 = Debug|Any CPU
		{4F6FB9E1-9AF3-48C9-945B-87E15D7C4CD2}.CoreCLR_Debug|Mixed Platforms.ActiveCfg = Debug|Any CPU
		{4F6FB9E1-9AF3-48C9-945B-87E15D7C4CD2}.CoreCLR_Debug|Mixed Platforms.Build.0 = Debug|Any CPU
		{4F6FB9E1-9AF3-48C9-945B-87E15D7C4CD2}.CoreCLR_Debug|Windows.ActiveCfg = Debug|Any CPU
		{4F6FB9E1-9AF3-48C9-945B-87E15D7C4CD2}.CoreCLR_Debug|Windows.Build.0 = Debug|Any CPU
		{4F6FB9E1-9AF3-48C9-945B-87E15D7C4CD2}.CoreCLR_Release|Any CPU.ActiveCfg = Release|Any CPU
		{4F6FB9E1-9AF3-48C9-945B-87E15D7C4CD2}.CoreCLR_Release|Any CPU.Build.0 = Release|Any CPU
		{4F6FB9E1-9AF3-48C9-945B-87E15D7C4CD2}.CoreCLR_Release|Mixed Platforms.ActiveCfg = Release|Any CPU
		{4F6FB9E1-9AF3-48C9-945B-87E15D7C4CD2}.CoreCLR_Release|Mixed Platforms.Build.0 = Release|Any CPU
		{4F6FB9E1-9AF3-48C9-945B-87E15D7C4CD2}.CoreCLR_Release|Windows.ActiveCfg = Release|Any CPU
		{4F6FB9E1-9AF3-48C9-945B-87E15D7C4CD2}.CoreCLR_Release|Windows.Build.0 = Release|Any CPU
		{4F6FB9E1-9AF3-48C9-945B-87E15D7C4CD2}.Debug|Any CPU.ActiveCfg = Debug|Any CPU
		{4F6FB9E1-9AF3-48C9-945B-87E15D7C4CD2}.Debug|Any CPU.Build.0 = Debug|Any CPU
		{4F6FB9E1-9AF3-48C9-945B-87E15D7C4CD2}.Debug|Mixed Platforms.ActiveCfg = Debug|Any CPU
		{4F6FB9E1-9AF3-48C9-945B-87E15D7C4CD2}.Debug|Mixed Platforms.Build.0 = Debug|Any CPU
		{4F6FB9E1-9AF3-48C9-945B-87E15D7C4CD2}.Debug|Windows.ActiveCfg = Debug|Any CPU
		{4F6FB9E1-9AF3-48C9-945B-87E15D7C4CD2}.Debug|Windows.Build.0 = Debug|Any CPU
		{4F6FB9E1-9AF3-48C9-945B-87E15D7C4CD2}.Release|Any CPU.ActiveCfg = Release|Any CPU
		{4F6FB9E1-9AF3-48C9-945B-87E15D7C4CD2}.Release|Any CPU.Build.0 = Release|Any CPU
		{4F6FB9E1-9AF3-48C9-945B-87E15D7C4CD2}.Release|Mixed Platforms.ActiveCfg = Release|Any CPU
		{4F6FB9E1-9AF3-48C9-945B-87E15D7C4CD2}.Release|Mixed Platforms.Build.0 = Release|Any CPU
		{4F6FB9E1-9AF3-48C9-945B-87E15D7C4CD2}.Release|Windows.ActiveCfg = Release|Any CPU
		{4F6FB9E1-9AF3-48C9-945B-87E15D7C4CD2}.Release|Windows.Build.0 = Release|Any CPU
		{4F6FB9E1-9AF3-48C9-945B-87E15D7C4CD2}.Testing|Any CPU.ActiveCfg = Release|Any CPU
		{4F6FB9E1-9AF3-48C9-945B-87E15D7C4CD2}.Testing|Any CPU.Build.0 = Release|Any CPU
		{4F6FB9E1-9AF3-48C9-945B-87E15D7C4CD2}.Testing|Mixed Platforms.ActiveCfg = Release|Any CPU
		{4F6FB9E1-9AF3-48C9-945B-87E15D7C4CD2}.Testing|Mixed Platforms.Build.0 = Release|Any CPU
		{4F6FB9E1-9AF3-48C9-945B-87E15D7C4CD2}.Testing|Windows.ActiveCfg = Release|Any CPU
		{4F6FB9E1-9AF3-48C9-945B-87E15D7C4CD2}.Testing|Windows.Build.0 = Release|Any CPU
		{4E872147-3DD4-4930-BD82-8F8C05EF44FB}.AppStore|Any CPU.ActiveCfg = Debug|Any CPU
		{4E872147-3DD4-4930-BD82-8F8C05EF44FB}.AppStore|Any CPU.Build.0 = Debug|Any CPU
		{4E872147-3DD4-4930-BD82-8F8C05EF44FB}.AppStore|Mixed Platforms.ActiveCfg = Debug|Any CPU
		{4E872147-3DD4-4930-BD82-8F8C05EF44FB}.AppStore|Mixed Platforms.Build.0 = Debug|Any CPU
		{4E872147-3DD4-4930-BD82-8F8C05EF44FB}.AppStore|Windows.ActiveCfg = Debug|Any CPU
		{4E872147-3DD4-4930-BD82-8F8C05EF44FB}.AppStore|Windows.Build.0 = Debug|Any CPU
		{4E872147-3DD4-4930-BD82-8F8C05EF44FB}.CoreCLR_Debug|Any CPU.ActiveCfg = Debug|Any CPU
		{4E872147-3DD4-4930-BD82-8F8C05EF44FB}.CoreCLR_Debug|Any CPU.Build.0 = Debug|Any CPU
		{4E872147-3DD4-4930-BD82-8F8C05EF44FB}.CoreCLR_Debug|Mixed Platforms.ActiveCfg = Debug|Any CPU
		{4E872147-3DD4-4930-BD82-8F8C05EF44FB}.CoreCLR_Debug|Mixed Platforms.Build.0 = Debug|Any CPU
		{4E872147-3DD4-4930-BD82-8F8C05EF44FB}.CoreCLR_Debug|Windows.ActiveCfg = Debug|Any CPU
		{4E872147-3DD4-4930-BD82-8F8C05EF44FB}.CoreCLR_Debug|Windows.Build.0 = Debug|Any CPU
		{4E872147-3DD4-4930-BD82-8F8C05EF44FB}.CoreCLR_Release|Any CPU.ActiveCfg = Debug|Any CPU
		{4E872147-3DD4-4930-BD82-8F8C05EF44FB}.CoreCLR_Release|Any CPU.Build.0 = Debug|Any CPU
		{4E872147-3DD4-4930-BD82-8F8C05EF44FB}.CoreCLR_Release|Mixed Platforms.ActiveCfg = Debug|Any CPU
		{4E872147-3DD4-4930-BD82-8F8C05EF44FB}.CoreCLR_Release|Mixed Platforms.Build.0 = Debug|Any CPU
		{4E872147-3DD4-4930-BD82-8F8C05EF44FB}.CoreCLR_Release|Windows.ActiveCfg = Debug|Any CPU
		{4E872147-3DD4-4930-BD82-8F8C05EF44FB}.CoreCLR_Release|Windows.Build.0 = Debug|Any CPU
		{4E872147-3DD4-4930-BD82-8F8C05EF44FB}.Debug|Any CPU.ActiveCfg = Debug|Any CPU
		{4E872147-3DD4-4930-BD82-8F8C05EF44FB}.Debug|Any CPU.Build.0 = Debug|Any CPU
		{4E872147-3DD4-4930-BD82-8F8C05EF44FB}.Debug|Mixed Platforms.ActiveCfg = Debug|Any CPU
		{4E872147-3DD4-4930-BD82-8F8C05EF44FB}.Debug|Mixed Platforms.Build.0 = Debug|Any CPU
		{4E872147-3DD4-4930-BD82-8F8C05EF44FB}.Debug|Windows.ActiveCfg = Debug|Any CPU
		{4E872147-3DD4-4930-BD82-8F8C05EF44FB}.Debug|Windows.Build.0 = Debug|Any CPU
		{4E872147-3DD4-4930-BD82-8F8C05EF44FB}.Release|Any CPU.ActiveCfg = Debug|Any CPU
		{4E872147-3DD4-4930-BD82-8F8C05EF44FB}.Release|Any CPU.Build.0 = Debug|Any CPU
		{4E872147-3DD4-4930-BD82-8F8C05EF44FB}.Release|Mixed Platforms.ActiveCfg = Debug|Any CPU
		{4E872147-3DD4-4930-BD82-8F8C05EF44FB}.Release|Mixed Platforms.Build.0 = Debug|Any CPU
		{4E872147-3DD4-4930-BD82-8F8C05EF44FB}.Release|Windows.ActiveCfg = Debug|Any CPU
		{4E872147-3DD4-4930-BD82-8F8C05EF44FB}.Release|Windows.Build.0 = Debug|Any CPU
		{4E872147-3DD4-4930-BD82-8F8C05EF44FB}.Testing|Any CPU.ActiveCfg = Debug|Any CPU
		{4E872147-3DD4-4930-BD82-8F8C05EF44FB}.Testing|Any CPU.Build.0 = Debug|Any CPU
		{4E872147-3DD4-4930-BD82-8F8C05EF44FB}.Testing|Mixed Platforms.ActiveCfg = Debug|Any CPU
		{4E872147-3DD4-4930-BD82-8F8C05EF44FB}.Testing|Mixed Platforms.Build.0 = Debug|Any CPU
		{4E872147-3DD4-4930-BD82-8F8C05EF44FB}.Testing|Windows.ActiveCfg = Debug|Any CPU
		{4E872147-3DD4-4930-BD82-8F8C05EF44FB}.Testing|Windows.Build.0 = Debug|Any CPU
	EndGlobalSection
	GlobalSection(SolutionProperties) = preSolution
		HideSolutionNode = FALSE
	EndGlobalSection
	GlobalSection(NestedProjects) = preSolution
		{FF8D6B9B-C5A9-4B82-98C9-A8C39D7A63D6} = {08D86FEB-AF5C-476D-B3B6-D4DF413C90C0}
		{B30DBA93-BCB6-430D-81DA-5E891FE485B7} = {08D86FEB-AF5C-476D-B3B6-D4DF413C90C0}
		{4F6FB9E1-9AF3-48C9-945B-87E15D7C4CD2} = {F2E2CF0B-04B1-4F20-BBF2-237419ACA740}
	EndGlobalSection
EndGlobal
